{
  "name": "synchronize",
  "version": "2.0.1",
  "lockfileVersion": 1,
  "requires": true,
  "dependencies": {
    "chai": {
      "version": "1.3.0",
      "resolved": "https://registry.npmjs.org/chai/-/chai-1.3.0.tgz",
      "integrity": "sha512-iAuEKsRk57Gav3NymoED+ecBW+kloFZni1urNTnGhU19wl//5lOVkbBT0iKNimBmFce8v3qWBz7+hYEGQgtPZA==",
      "dev": true
    },
    "commander": {
      "version": "0.5.2",
      "resolved": "https://registry.npmjs.org/commander/-/commander-0.5.2.tgz",
      "integrity": "sha512-/IKo89++b1UhClEhWvKk00gKgw6iwvwD8TOPTqqN9AyvjgPCnf9OrjnDNY3dPDOj+K+OhN9SRjYQH0AfX0bROw==",
      "dev": true
    },
    "debug": {
      "version": "4.3.4",
      "resolved": "https://registry.npmjs.org/debug/-/debug-4.3.4.tgz",
      "integrity": "sha512-PRWFHuSU3eDtQJPvnNY7Jcket1j0t5OuOsFzPPzsekD52Zl8qUfFIPEiswXqIvHWGVHOgX+7G/vCNNhehwxfkQ==",
      "dev": true,
      "requires": {
        "ms": "2.1.2"
      }
    },
    "detect-libc": {
      "version": "1.0.3",
      "resolved": "https://registry.npmjs.org/detect-libc/-/detect-libc-1.0.3.tgz",
      "integrity": "sha512-pGjwhsmsp4kL2RTz08wcOlGN83otlqHeD/Z5T8GXZB+/YcpQ/dgo+lbU8ZsGxV0HIvqqxo9l7mqYwyYMD9bKDg=="
    },
    "diff": {
      "version": "1.0.2",
      "resolved": "https://registry.npmjs.org/diff/-/diff-1.0.2.tgz",
      "integrity": "sha512-BOZXenW4qYFnn8GhH24O4xfjF5CxT01uSYOfF/hGpTGFcs/50zc5nnF1AtV1ePP/ok4hGC9ZENrLtm5jjj16GA==",
      "dev": true
    },
    "fibers": {
      "version": "5.0.0",
      "resolved": "https://registry.npmjs.org/fibers/-/fibers-5.0.0.tgz",
      "integrity": "sha512-UpGv/YAZp7mhKHxDvC1tColrroGRX90sSvh8RMZV9leo+e5+EkRVgCEZPlmXeo3BUNQTZxUaVdLskq1Q2FyCPg==",
      "requires": {
        "detect-libc": "^1.0.3"
      }
    },
    "growl": {
      "version": "1.5.1",
      "resolved": "https://registry.npmjs.org/growl/-/growl-1.5.1.tgz",
      "integrity": "sha512-J9CHg+6DG0jVDvVq5sdfg0OD82sgqJO2Nq0x0buRQzrWJcKtpw7mYQPjrlx56LHBhVmmIfEP+uRj970cZ8YPEg==",
      "dev": true
    },
    "jade": {
      "version": "0.20.3",
      "resolved": "https://registry.npmjs.org/jade/-/jade-0.20.3.tgz",
      "integrity": "sha512-0jkhrj7uZVeXKssh0MqVJqWh9WycxZeysVrC4QzfKgXLdvo9qyex3yPgkTSDYMP47j+bzCLmJ47WFWDXUayh0w==",
      "dev": true,
      "requires": {
        "commander": "0.5.x",
        "mkdirp": ">= 0.0.7"
      }
    },
    "mkdirp": {
      "version": "1.0.4",
      "resolved": "https://registry.npmjs.org/mkdirp/-/mkdirp-1.0.4.tgz",
      "integrity": "sha512-vVqVZQyf3WLx2Shd0qJ9xuvqgAyKPLAiqITEtqW0oIUjzo3PePDd6fW9iFz30ef7Ysp/oiWqbhszeGWW2T6Gzw==",
      "dev": true
    },
    "mocha": {
      "version": "1.0.3",
      "resolved": "https://registry.npmjs.org/mocha/-/mocha-1.0.3.tgz",
      "integrity": "sha512-IBhVTuItSTxZGfSGj2x+DITAs8+A0vu/3FqDzmXgjDrTsmrDRc4LN3X1wIAnQL4YeCtUAtPIvVd1Bnvklzm5Pw==",
      "dev": true,
      "requires": {
        "commander": "0.5.x",
        "debug": "*",
        "diff": "1.0.2",
        "growl": "1.5.x",
        "jade": "0.20.3"
      }
    },
    "ms": {
      "version": "2.1.2",
      "resolved": "https://registry.npmjs.org/ms/-/ms-2.1.2.tgz",
      "integrity": "sha512-sGkPx+VjMtmA6MX27oA4FBFELFCZZ4S4XqeGOXCv68tT+jb3vk/RyaKWP0PTKyWtmLSM0b+adUTEvbs1PEaH2w==",
      "dev": true
    }
  }
}
